
Microsoft Visual Studio Solution File, Format Version 12.00
# Visual Studio Version 17
VisualStudioVersion = 17.10.35027.167
MinimumVisualStudioVersion = 10.0.40219.1
Project("{FAE04EC0-301F-11D3-BF4B-00C04F79EFBC}") = "PharmacyOrderSystem.API", "PharmacyOrderSystem.API\PharmacyOrderSystem.API.csproj", "{BF9C2D63-480A-47B3-9CFE-64FF0E0C1BA5}"
EndProject
Project("{FAE04EC0-301F-11D3-BF4B-00C04F79EFBC}") = "PharmacyOrderSystem.Application", "PharmacyOrderSystem.Application\PharmacyOrderSystem.Application.csproj", "{4461ADCE-2FC6-4642-B911-102D5B07AF94}"
EndProject
Project("{FAE04EC0-301F-11D3-BF4B-00C04F79EFBC}") = "PharmacyOrderSystem.Domain", "PharmacyOrderSystem.Domain\PharmacyOrderSystem.Domain.csproj", "{9B1828B8-5D61-43AE-B831-D952BE232478}"
EndProject
Project("{FAE04EC0-301F-11D3-BF4B-00C04F79EFBC}") = "PharmacyOrderSystem.Infrastructure", "PharmacyOrderSystem.Infrastructure\PharmacyOrderSystem.Infrastructure.csproj", "{BAB6E4B3-E25F-4777-B020-63F2E22741E2}"
EndProject
Project("{FAE04EC0-301F-11D3-BF4B-00C04F79EFBC}") = "PharmacyOrderSystem.Tests", "PharmacyOrderSystem.Tests\PharmacyOrderSystem.Tests.csproj", "{9BB9DFD9-4022-4CEE-98CA-1323F9AC6092}"
EndProject
Global
	GlobalSection(SolutionConfigurationPlatforms) = preSolution
		Debug|Any CPU = Debug|Any CPU
		Release|Any CPU = Release|Any CPU
	EndGlobalSection
	GlobalSection(ProjectConfigurationPlatforms) = postSolution
		{BF9C2D63-480A-47B3-9CFE-64FF0E0C1BA5}.Debug|Any CPU.ActiveCfg = Debug|Any CPU
		{BF9C2D63-480A-47B3-9CFE-64FF0E0C1BA5}.Debug|Any CPU.Build.0 = Debug|Any CPU
		{BF9C2D63-480A-47B3-9CFE-64FF0E0C1BA5}.Release|Any CPU.ActiveCfg = Release|Any CPU
		{BF9C2D63-480A-47B3-9CFE-64FF0E0C1BA5}.Release|Any CPU.Build.0 = Release|Any CPU
		{4461ADCE-2FC6-4642-B911-102D5B07AF94}.Debug|Any CPU.ActiveCfg = Debug|Any CPU
		{4461ADCE-2FC6-4642-B911-102D5B07AF94}.Debug|Any CPU.Build.0 = Debug|Any CPU
		{4461ADCE-2FC6-4642-B911-102D5B07AF94}.Release|Any CPU.ActiveCfg = Release|Any CPU
		{4461ADCE-2FC6-4642-B911-102D5B07AF94}.Release|Any CPU.Build.0 = Release|Any CPU
		{9B1828B8-5D61-43AE-B831-D952BE232478}.Debug|Any CPU.ActiveCfg = Debug|Any CPU
		{9B1828B8-5D61-43AE-B831-D952BE232478}.Debug|Any CPU.Build.0 = Debug|Any CPU
		{9B1828B8-5D61-43AE-B831-D952BE232478}.Release|Any CPU.ActiveCfg = Release|Any CPU
		{9B1828B8-5D61-43AE-B831-D952BE232478}.Release|Any CPU.Build.0 = Release|Any CPU
		{BAB6E4B3-E25F-4777-B020-63F2E22741E2}.Debug|Any CPU.ActiveCfg = Debug|Any CPU
		{BAB6E4B3-E25F-4777-B020-63F2E22741E2}.Debug|Any CPU.Build.0 = Debug|Any CPU
		{BAB6E4B3-E25F-4777-B020-63F2E22741E2}.Release|Any CPU.ActiveCfg = Release|Any CPU
		{BAB6E4B3-E25F-4777-B020-63F2E22741E2}.Release|Any CPU.Build.0 = Release|Any CPU
		{9BB9DFD9-4022-4CEE-98CA-1323F9AC6092}.Debug|Any CPU.ActiveCfg = Debug|Any CPU
		{9BB9DFD9-4022-4CEE-98CA-1323F9AC6092}.Debug|Any CPU.Build.0 = Debug|Any CPU
		{9BB9DFD9-4022-4CEE-98CA-1323F9AC6092}.Release|Any CPU.ActiveCfg = Release|Any CPU
		{9BB9DFD9-4022-4CEE-98CA-1323F9AC6092}.Release|Any CPU.Build.0 = Release|Any CPU
	EndGlobalSection
	GlobalSection(SolutionProperties) = preSolution
		HideSolutionNode = FALSE
	EndGlobalSection
	GlobalSection(ExtensibilityGlobals) = postSolution
		SolutionGuid = {5864A448-ED75-4826-8871-463DAE82EA95}
	EndGlobalSection
EndGlobal
